{
  "name": "@lh-ignite-ui/ts-config",
  "version": "1.0.0",
  "lockfileVersion": 3,
  "requires": true,
  "packages": {
    "": {
      "name": "@lh-ignite-ui/ts-config",
      "version": "1.0.0",
      "license": "MIT"
    },
    "node_modules/@lh-ignite-ui/ts-config": {
      "resolved": "",
      "link": true
    }
  }
}